// !$*UTF8*$!
{
	archiveVersion = 1;
	classes = {
	};
	objectVersion = 46;
	objects = {

/* Begin PBXBuildFile section */
		4168919F1F90498200A7C54F /* AppDelegate.swift in Sources */ = {isa = PBXBuildFile; fileRef = 4168919E1F90498200A7C54F /* AppDelegate.swift */; };
		416891A11F90498200A7C54F /* ViewController.swift in Sources */ = {isa = PBXBuildFile; fileRef = 416891A01F90498200A7C54F /* ViewController.swift */; };
		416891A41F90498200A7C54F /* Main.storyboard in Resources */ = {isa = PBXBuildFile; fileRef = 416891A21F90498200A7C54F /* Main.storyboard */; };
		416891A61F90498200A7C54F /* Assets.xcassets in Resources */ = {isa = PBXBuildFile; fileRef = 416891A51F90498200A7C54F /* Assets.xcassets */; };
		416891A91F90498200A7C54F /* LaunchScreen.storyboard in Resources */ = {isa = PBXBuildFile; fileRef = 416891A71F90498200A7C54F /* LaunchScreen.storyboard */; };
		416891B21F90873B00A7C54F /* ImagePickerController.swift in Sources */ = {isa = PBXBuildFile; fileRef = 416891B11F90873B00A7C54F /* ImagePickerController.swift */; };
		416891B61F9098C100A7C54F /* ImagePickerCell.swift in Sources */ = {isa = PBXBuildFile; fileRef = 416891B51F9098C100A7C54F /* ImagePickerCell.swift */; };
		416891B81F90A4DE00A7C54F /* ImageCollectionController.swift in Sources */ = {isa = PBXBuildFile; fileRef = 416891B71F90A4DE00A7C54F /* ImageCollectionController.swift */; };
		416891BA1F90A50000A7C54F /* ImageCollectionCell.swift in Sources */ = {isa = PBXBuildFile; fileRef = 416891B91F90A50000A7C54F /* ImageCollectionCell.swift */; };
		416891BC1F90A88C00A7C54F /* ImageCompleteButton.swift in Sources */ = {isa = PBXBuildFile; fileRef = 416891BB1F90A88C00A7C54F /* ImageCompleteButton.swift */; };
		41B412D71F90C50100C73229 /* Icon_Default@2x.png in Resources */ = {isa = PBXBuildFile; fileRef = 41B412D31F90C50100C73229 /* Icon_Default@2x.png */; };
		41B412D91F90C50100C73229 /* Icon_Selected@2x.png in Resources */ = {isa = PBXBuildFile; fileRef = 41B412D51F90C50100C73229 /* Icon_Selected@2x.png */; };
/* End PBXBuildFile section */

/* Begin PBXFileReference section */
		4168919B1F90498200A7C54F /* GXDImagePicker.app */ = {isa = PBXFileReference; explicitFileType = wrapper.application; includeInIndex = 0; path = GXDImagePicker.app; sourceTree = BUILT_PRODUCTS_DIR; };
		4168919E1F90498200A7C54F /* AppDelegate.swift */ = {isa = PBXFileReference; lastKnownFileType = sourcecode.swift; path = AppDelegate.swift; sourceTree = "<group>"; };
		416891A01F90498200A7C54F /* ViewController.swift */ = {isa = PBXFileReference; lastKnownFileType = sourcecode.swift; path = ViewController.swift; sourceTree = "<group>"; };
		416891A31F90498200A7C54F /* Base */ = {isa = PBXFileReference; lastKnownFileType = file.storyboard; name = Base; path = Base.lproj/Main.storyboard; sourceTree = "<group>"; };
		416891A51F90498200A7C54F /* Assets.xcassets */ = {isa = PBXFileReference; lastKnownFileType = folder.assetcatalog; path = Assets.xcassets; sourceTree = "<group>"; };
		416891A81F90498200A7C54F /* Base */ = {isa = PBXFileReference; lastKnownFileType = file.storyboard; name = Base; path = Base.lproj/LaunchScreen.storyboard; sourceTree = "<group>"; };
		416891AA1F90498200A7C54F /* Info.plist */ = {isa = PBXFileReference; lastKnownFileType = text.plist.xml; path = Info.plist; sourceTree = "<group>"; };
		416891B11F90873B00A7C54F /* ImagePickerController.swift */ = {isa = PBXFileReference; fileEncoding = 4; lastKnownFileType = sourcecode.swift; path = ImagePickerController.swift; sourceTree = "<group>"; };
		416891B51F9098C100A7C54F /* ImagePickerCell.swift */ = {isa = PBXFileReference; fileEncoding = 4; lastKnownFileType = sourcecode.swift; path = ImagePickerCell.swift; sourceTree = "<group>"; };
		416891B71F90A4DE00A7C54F /* ImageCollectionController.swift */ = {isa = PBXFileReference; fileEncoding = 4; lastKnownFileType = sourcecode.swift; path = ImageCollectionController.swift; sourceTree = "<group>"; };
		416891B91F90A50000A7C54F /* ImageCollectionCell.swift */ = {isa = PBXFileReference; fileEncoding = 4; lastKnownFileType = sourcecode.swift; path = ImageCollectionCell.swift; sourceTree = "<group>"; };
		416891BB1F90A88C00A7C54F /* ImageCompleteButton.swift */ = {isa = PBXFileReference; fileEncoding = 4; lastKnownFileType = sourcecode.swift; path = ImageCompleteButton.swift; sourceTree = "<group>"; };
		41B412D31F90C50100C73229 /* Icon_Default@2x.png */ = {isa = PBXFileReference; lastKnownFileType = image.png; path = "Icon_Default@2x.png"; sourceTree = "<group>"; };
		41B412D51F90C50100C73229 /* Icon_Selected@2x.png */ = {isa = PBXFileReference; lastKnownFileType = image.png; path = "Icon_Selected@2x.png"; sourceTree = "<group>"; };
/* End PBXFileReference section */

/* Begin PBXFrameworksBuildPhase section */
		416891981F90498200A7C54F /* Frameworks */ = {
			isa = PBXFrameworksBuildPhase;
			buildActionMask = 2147483647;
			files = (
			);
			runOnlyForDeploymentPostprocessing = 0;
		};
/* End PBXFrameworksBuildPhase section */

/* Begin PBXGroup section */
		416891921F90498200A7C54F = {
			isa = PBXGroup;
			children = (
				4168919D1F90498200A7C54F /* GXDImagePicker */,
				4168919C1F90498200A7C54F /* Products */,
			);
			sourceTree = "<group>";
		};
		4168919C1F90498200A7C54F /* Products */ = {
			isa = PBXGroup;
			children = (
				4168919B1F90498200A7C54F /* GXDImagePicker.app */,
			);
			name = Products;
			sourceTree = "<group>";
		};
		4168919D1F90498200A7C54F /* GXDImagePicker */ = {
			isa = PBXGroup;
			children = (
				416891B01F90870B00A7C54F /* ImagesPicker */,
				4168919E1F90498200A7C54F /* AppDelegate.swift */,
				416891A01F90498200A7C54F /* ViewController.swift */,
				416891A21F90498200A7C54F /* Main.storyboard */,
				416891A51F90498200A7C54F /* Assets.xcassets */,
				416891A71F90498200A7C54F /* LaunchScreen.storyboard */,
				416891AA1F90498200A7C54F /* Info.plist */,
			);
			path = GXDImagePicker;
			sourceTree = "<group>";
		};
		416891B01F90870B00A7C54F /* ImagesPicker */ = {
			isa = PBXGroup;
			children = (
				41B412D21F90C50100C73229 /* imageAssets */,
				416891B11F90873B00A7C54F /* ImagePickerController.swift */,
				416891B51F9098C100A7C54F /* ImagePickerCell.swift */,
				416891B71F90A4DE00A7C54F /* ImageCollectionController.swift */,
				416891B91F90A50000A7C54F /* ImageCollectionCell.swift */,
				416891BB1F90A88C00A7C54F /* ImageCompleteButton.swift */,
			);
			path = ImagesPicker;
			sourceTree = "<group>";
		};
		41B412D21F90C50100C73229 /* imageAssets */ = {
			isa = PBXGroup;
			children = (
				41B412D31F90C50100C73229 /* Icon_Default@2x.png */,
				41B412D51F90C50100C73229 /* Icon_Selected@2x.png */,
			);
			path = imageAssets;
			sourceTree = "<group>";
		};
/* End PBXGroup section */

/* Begin PBXNativeTarget section */
		4168919A1F90498200A7C54F /* GXDImagePicker */ = {
			isa = PBXNativeTarget;
			buildConfigurationList = 416891AD1F90498200A7C54F /* Build configuration list for PBXNativeTarget "GXDImagePicker" */;
			buildPhases = (
				416891971F90498200A7C54F /* Sources */,
				416891981F90498200A7C54F /* Frameworks */,
				416891991F90498200A7C54F /* Resources */,
			);
			buildRules = (
			);
			dependencies = (
			);
			name = GXDImagePicker;
			productName = GXDImagePicker;
			productReference = 4168919B1F90498200A7C54F /* GXDImagePicker.app */;
			productType = "com.apple.product-type.application";
		};
/* End PBXNativeTarget section */

/* Begin PBXProject section */
		416891931F90498200A7C54F /* Project object */ = {
			isa = PBXProject;
			attributes = {
				LastSwiftUpdateCheck = 0830;
				LastUpgradeCheck = 0830;
				ORGANIZATIONNAME = ImagePickerDemo;
				TargetAttributes = {
					4168919A1F90498200A7C54F = {
						CreatedOnToolsVersion = 8.3.3;
						ProvisioningStyle = Automatic;
					};
				};
			};
			buildConfigurationList = 416891961F90498200A7C54F /* Build configuration list for PBXProject "GXDImagePicker" */;
			compatibilityVersion = "Xcode 3.2";
			developmentRegion = English;
			hasScannedForEncodings = 0;
			knownRegions = (
				en,
				Base,
			);
			mainGroup = 416891921F90498200A7C54F;
			productRefGroup = 4168919C1F90498200A7C54F /* Products */;
			projectDirPath = "";
			projectRoot = "";
			targets = (
				4168919A1F90498200A7C54F /* GXDImagePicker */,
			);
		};
/* End PBXProject section */

/* Begin PBXResourcesBuildPhase section */
		416891991F90498200A7C54F /* Resources */ = {
			isa = PBXResourcesBuildPhase;
			buildActionMask = 2147483647;
			files = (
				41B412D91F90C50100C73229 /* Icon_Selected@2x.png in Resources */,
				416891A91F90498200A7C54F /* LaunchScreen.storyboard in Resources */,
				41B412D71F90C50100C73229 /* Icon_Default@2x.png in Resources */,
				416891A61F90498200A7C54F /* Assets.xcassets in Resources */,
				416891A41F90498200A7C54F /* Main.storyboard in Resources */,
			);
			runOnlyForDeploymentPostprocessing = 0;
		};
/* End PBXResourcesBuildPhase section */

/* Begin PBXSourcesBuildPhase section */
		416891971F90498200A7C54F /* Sources */ = {
			isa = PBXSourcesBuildPhase;
			buildActionMask = 2147483647;
			files = (
				416891A11F90498200A7C54F /* ViewController.swift in Sources */,
				416891B61F9098C100A7C54F /* ImagePickerCell.swift in Sources */,
				416891B21F90873B00A7C54F /* ImagePickerController.swift in Sources */,
				416891BA1F90A50000A7C54F /* ImageCollectionCell.swift in Sources */,
				416891B81F90A4DE00A7C54F /* ImageCollectionController.swift in Sources */,
				416891BC1F90A88C00A7C54F /* ImageCompleteButton.swift in Sources */,
				4168919F1F90498200A7C54F /* AppDelegate.swift in Sources */,
			);
			runOnlyForDeploymentPostprocessing = 0;
		};
/* End PBXSourcesBuildPhase section */

/* Begin PBXVariantGroup section */
		416891A21F90498200A7C54F /* Main.storyboard */ = {
			isa = PBXVariantGroup;
			children = (
				416891A31F90498200A7C54F /* Base */,
			);
			name = Main.storyboard;
			sourceTree = "<group>";
		};
		416891A71F90498200A7C54F /* LaunchScreen.storyboard */ = {
			isa = PBXVariantGroup;
			children = (
				416891A81F90498200A7C54F /* Base */,
			);
			name = LaunchScreen.storyboard;
			sourceTree = "<group>";
		};
/* End PBXVariantGroup section */

/* Begin XCBuildConfiguration section */
		416891AB1F90498200A7C54F /* Debug */ = {
			isa = XCBuildConfiguration;
			buildSettings = {
				ALWAYS_SEARCH_USER_PATHS = NO;
				CLANG_ANALYZER_NONNULL = YES;
				CLANG_ANALYZER_NUMBER_OBJECT_CONVERSION = YES_AGGRESSIVE;
				CLANG_CXX_LANGUAGE_STANDARD = "gnu++0x";
				CLANG_CXX_LIBRARY = "libc++";
				CLANG_ENABLE_MODULES = YES;
				CLANG_ENABLE_OBJC_ARC = YES;
				CLANG_WARN_BOOL_CONVERSION = YES;
				CLANG_WARN_CONSTANT_CONVERSION = YES;
				CLANG_WARN_DIRECT_OBJC_ISA_USAGE = YES_ERROR;
				CLANG_WARN_DOCUMENTATION_COMMENTS = YES;
				CLANG_WARN_EMPTY_BODY = YES;
				CLANG_WARN_ENUM_CONVERSION = YES;
				CLANG_WARN_INFINITE_RECURSION = YES;
				CLANG_WARN_INT_CONVERSION = YES;
				CLANG_WARN_OBJC_ROOT_CLASS = YES_ERROR;
				CLANG_WARN_SUSPICIOUS_MOVE = YES;
				CLANG_WARN_UNREACHABLE_CODE = YES;
				CLANG_WARN__DUPLICATE_METHOD_MATCH = YES;
				"CODE_SIGN_IDENTITY[sdk=iphoneos*]" = "iPhone Developer";
				COPY_PHASE_STRIP = NO;
				DEBUG_INFORMATION_FORMAT = dwarf;
				ENABLE_STRICT_OBJC_MSGSEND = YES;
				ENABLE_TESTABILITY = YES;
				GCC_C_LANGUAGE_STANDARD = gnu99;
				GCC_DYNAMIC_NO_PIC = NO;
				GCC_NO_COMMON_BLOCKS = YES;
				GCC_OPTIMIZATION_LEVEL = 0;
				GCC_PREPROCESSOR_DEFINITIONS = (
					"DEBUG=1",
					"$(inherited)",
				);
				GCC_WARN_64_TO_32_BIT_CONVERSION = YES;
				GCC_WARN_ABOUT_RETURN_TYPE = YES_ERROR;
				GCC_WARN_UNDECLARED_SELECTOR = YES;
				GCC_WARN_UNINITIALIZED_AUTOS = YES_AGGRESSIVE;
				GCC_WARN_UNUSED_FUNCTION = YES;
				GCC_WARN_UNUSED_VARIABLE = YES;
				IPHONEOS_DEPLOYMENT_TARGET = 10.3;
				MTL_ENABLE_DEBUG_INFO = YES;
				ONLY_ACTIVE_ARCH = YES;
				SDKROOT = iphoneos;
				SWIFT_ACTIVE_COMPILATION_CONDITIONS = DEBUG;
				SWIFT_OPTIMIZATION_LEVEL = "-Onone";
				TARGETED_DEVICE_FAMILY = "1,2";
			};
			name = Debug;
		};
		416891AC1F90498200A7C54F /* Release */ = {
			isa = XCBuildConfiguration;
			buildSettings = {
				ALWAYS_SEARCH_USER_PATHS = NO;
				CLANG_ANALYZER_NONNULL = YES;
				CLANG_ANALYZER_NUMBER_OBJECT_CONVERSION = YES_AGGRESSIVE;
				CLANG_CXX_LANGUAGE_STANDARD = "gnu++0x";
				CLANG_CXX_LIBRARY = "libc++";
				CLANG_ENABLE_MODULES = YES;
				CLANG_ENABLE_OBJC_ARC = YES;
				CLANG_WARN_BOOL_CONVERSION = YES;
				CLANG_WARN_CONSTANT_CONVERSION = YES;
				CLANG_WARN_DIRECT_OBJC_ISA_USAGE = YES_ERROR;
				CLANG_WARN_DOCUMENTATION_COMMENTS = YES;
				CLANG_WARN_EMPTY_BODY = YES;
				CLANG_WARN_ENUM_CONVERSION = YES;
				CLANG_WARN_INFINITE_RECURSION = YES;
				CLANG_WARN_INT_CONVERSION = YES;
				CLANG_WARN_OBJC_ROOT_CLASS = YES_ERROR;
				CLANG_WARN_SUSPICIOUS_MOVE = YES;
				CLANG_WARN_UNREACHABLE_CODE = YES;
				CLANG_WARN__DUPLICATE_METHOD_MATCH = YES;
				"CODE_SIGN_IDENTITY[sdk=iphoneos*]" = "iPhone Developer";
				COPY_PHASE_STRIP = NO;
				DEBUG_INFORMATION_FORMAT = "dwarf-with-dsym";
				ENABLE_NS_ASSERTIONS = NO;
				ENABLE_STRICT_OBJC_MSGSEND = YES;
				GCC_C_LANGUAGE_STANDARD = gnu99;
				GCC_NO_COMMON_BLOCKS = YES;
				GCC_WARN_64_TO_32_BIT_CONVERSION = YES;
				GCC_WARN_ABOUT_RETURN_TYPE = YES_ERROR;
				GCC_WARN_UNDECLARED_SELECTOR = YES;
				GCC_WARN_UNINITIALIZED_AUTOS = YES_AGGRESSIVE;
				GCC_WARN_UNUSED_FUNCTION = YES;
				GCC_WARN_UNUSED_VARIABLE = YES;
				IPHONEOS_DEPLOYMENT_TARGET = 10.3;
				MTL_ENABLE_DEBUG_INFO = NO;
				SDKROOT = iphoneos;
				SWIFT_OPTIMIZATION_LEVEL = "-Owholemodule";
				TARGETED_DEVICE_FAMILY = "1,2";
				VALIDATE_PRODUCT = YES;
			};
			name = Release;
		};
		416891AE1F90498200A7C54F /* Debug */ = {
			isa = XCBuildConfiguration;
			buildSettings = {
				ASSETCATALOG_COMPILER_APPICON_NAME = AppIcon;
				"CODE_SIGN_IDENTITY[sdk=iphoneos*]" = "iPhone Developer";
				DEVELOPMENT_TEAM = "";
				INFOPLIST_FILE = GXDImagePicker/Info.plist;
				IPHONEOS_DEPLOYMENT_TARGET = 9.0;
				LD_RUNPATH_SEARCH_PATHS = "$(inherited) @executable_path/Frameworks";
				PRODUCT_BUNDLE_IDENTIFIER = com.plutuscat.GXDImagePicker;
				PRODUCT_NAME = "$(TARGET_NAME)";
				PROVISIONING_PROFILE = "";
				PROVISIONING_PROFILE_SPECIFIER = "";
				SWIFT_VERSION = 3.0;
			};
			name = Debug;
		};
		416891AF1F90498200A7C54F /* Release */ = {
			isa = XCBuildConfiguration;
			buildSettings = {
				ASSETCATALOG_COMPILER_APPICON_NAME = AppIcon;
				"CODE_SIGN_IDENTITY[sdk=iphoneos*]" = "iPhone Developer";
				DEVELOPMENT_TEAM = "";
				INFOPLIST_FILE = GXDImagePicker/Info.plist;
				IPHONEOS_DEPLOYMENT_TARGET = 9.0;
				LD_RUNPATH_SEARCH_PATHS = "$(inherited) @executable_path/Frameworks";
				PRODUCT_BUNDLE_IDENTIFIER = com.plutuscat.GXDImagePicker;
				PRODUCT_NAME = "$(TARGET_NAME)";
				PROVISIONING_PROFILE = "";
				PROVISIONING_PROFILE_SPECIFIER = "";
				SWIFT_VERSION = 3.0;
			};
			name = Release;
		};
/* End XCBuildConfiguration section */

/* Begin XCConfigurationList section */
		416891961F90498200A7C54F /* Build configuration list for PBXProject "GXDImagePicker" */ = {
			isa = XCConfigurationList;
			buildConfigurations = (
				416891AB1F90498200A7C54F /* Debug */,
				416891AC1F90498200A7C54F /* Release */,
			);
			defaultConfigurationIsVisible = 0;
			defaultConfigurationName = Release;
		};
		416891AD1F90498200A7C54F /* Build configuration list for PBXNativeTarget "GXDImagePicker" */ = {
			isa = XCConfigurationList;
			buildConfigurations = (
				416891AE1F90498200A7C54F /* Debug */,
				416891AF1F90498200A7C54F /* Release */,
			);
			defaultConfigurationIsVisible = 0;
			defaultConfigurationName = Release;
		};
/* End XCConfigurationList section */
	};
	rootObject = 416891931F90498200A7C54F /* Project object */;
}
